// !$*UTF8*$!
{
	archiveVersion = 1;
	classes = {
	};
	objectVersion = 48;
	objects = {

/* Begin PBXBuildFile section */
		C86D39A12169E21E008301C2 /* AppDelegate.swift in Sources */ = {isa = PBXBuildFile; fileRef = C86D39A02169E21E008301C2 /* AppDelegate.swift */; };
		C86D39A32169E21E008301C2 /* ViewController.swift in Sources */ = {isa = PBXBuildFile; fileRef = C86D39A22169E21E008301C2 /* ViewController.swift */; };
		C86D39A62169E21E008301C2 /* Main.storyboard in Resources */ = {isa = PBXBuildFile; fileRef = C86D39A42169E21E008301C2 /* Main.storyboard */; };
		C86D39A82169E21E008301C2 /* Assets.xcassets in Resources */ = {isa = PBXBuildFile; fileRef = C86D39A72169E21E008301C2 /* Assets.xcassets */; };
		C86D39AB2169E21E008301C2 /* LaunchScreen.storyboard in Resources */ = {isa = PBXBuildFile; fileRef = C86D39A92169E21E008301C2 /* LaunchScreen.storyboard */; };
		C86D39B32169E278008301C2 /* GetData.swift in Sources */ = {isa = PBXBuildFile; fileRef = C86D39B22169E278008301C2 /* GetData.swift */; };
/* End PBXBuildFile section */

/* Begin PBXFileReference section */
		C86D399D2169E21E008301C2 /* jsondemo.app */ = {isa = PBXFileReference; explicitFileType = wrapper.application; includeInIndex = 0; path = jsondemo.app; sourceTree = BUILT_PRODUCTS_DIR; };
		C86D39A02169E21E008301C2 /* AppDelegate.swift */ = {isa = PBXFileReference; lastKnownFileType = sourcecode.swift; path = AppDelegate.swift; sourceTree = "<group>"; };
		C86D39A22169E21E008301C2 /* ViewController.swift */ = {isa = PBXFileReference; lastKnownFileType = sourcecode.swift; path = ViewController.swift; sourceTree = "<group>"; };
		C86D39A52169E21E008301C2 /* Base */ = {isa = PBXFileReference; lastKnownFileType = file.storyboard; name = Base; path = Base.lproj/Main.storyboard; sourceTree = "<group>"; };
		C86D39A72169E21E008301C2 /* Assets.xcassets */ = {isa = PBXFileReference; lastKnownFileType = folder.assetcatalog; path = Assets.xcassets; sourceTree = "<group>"; };
		C86D39AA2169E21E008301C2 /* Base */ = {isa = PBXFileReference; lastKnownFileType = file.storyboard; name = Base; path = Base.lproj/LaunchScreen.storyboard; sourceTree = "<group>"; };
		C86D39AC2169E21E008301C2 /* Info.plist */ = {isa = PBXFileReference; lastKnownFileType = text.plist.xml; path = Info.plist; sourceTree = "<group>"; };
		C86D39B22169E278008301C2 /* GetData.swift */ = {isa = PBXFileReference; lastKnownFileType = sourcecode.swift; path = GetData.swift; sourceTree = "<group>"; };
/* End PBXFileReference section */

/* Begin PBXFrameworksBuildPhase section */
		C86D399A2169E21E008301C2 /* Frameworks */ = {
			isa = PBXFrameworksBuildPhase;
			buildActionMask = 2147483647;
			files = (
			);
			runOnlyForDeploymentPostprocessing = 0;
		};
/* End PBXFrameworksBuildPhase section */

/* Begin PBXGroup section */
		C86D39942169E21E008301C2 = {
			isa = PBXGroup;
			children = (
				C86D399F2169E21E008301C2 /* jsondemo */,
				C86D399E2169E21E008301C2 /* Products */,
			);
			sourceTree = "<group>";
		};
		C86D399E2169E21E008301C2 /* Products */ = {
			isa = PBXGroup;
			children = (
				C86D399D2169E21E008301C2 /* jsondemo.app */,
			);
			name = Products;
			sourceTree = "<group>";
		};
		C86D399F2169E21E008301C2 /* jsondemo */ = {
			isa = PBXGroup;
			children = (
				C86D39A02169E21E008301C2 /* AppDelegate.swift */,
				C86D39A22169E21E008301C2 /* ViewController.swift */,
				C86D39A42169E21E008301C2 /* Main.storyboard */,
				C86D39A72169E21E008301C2 /* Assets.xcassets */,
				C86D39A92169E21E008301C2 /* LaunchScreen.storyboard */,
				C86D39AC2169E21E008301C2 /* Info.plist */,
				C86D39B22169E278008301C2 /* GetData.swift */,
			);
			path = jsondemo;
			sourceTree = "<group>";
		};
/* End PBXGroup section */

/* Begin PBXNativeTarget section */
		C86D399C2169E21E008301C2 /* jsondemo */ = {
			isa = PBXNativeTarget;
			buildConfigurationList = C86D39AF2169E21F008301C2 /* Build configuration list for PBXNativeTarget "jsondemo" */;
			buildPhases = (
				C86D39992169E21E008301C2 /* Sources */,
				C86D399A2169E21E008301C2 /* Frameworks */,
				C86D399B2169E21E008301C2 /* Resources */,
			);
			buildRules = (
			);
			dependencies = (
			);
			name = jsondemo;
			productName = jsondemo;
			productReference = C86D399D2169E21E008301C2 /* jsondemo.app */;
			productType = "com.apple.product-type.application";
		};
/* End PBXNativeTarget section */

/* Begin PBXProject section */
		C86D39952169E21E008301C2 /* Project object */ = {
			isa = PBXProject;
			attributes = {
				LastSwiftUpdateCheck = 0910;
				LastUpgradeCheck = 0910;
				ORGANIZATIONNAME = "Vaishnavi Patel";
				TargetAttributes = {
					C86D399C2169E21E008301C2 = {
						CreatedOnToolsVersion = 9.1;
						ProvisioningStyle = Automatic;
					};
				};
			};
			buildConfigurationList = C86D39982169E21E008301C2 /* Build configuration list for PBXProject "jsondemo" */;
			compatibilityVersion = "Xcode 8.0";
			developmentRegion = en;
			hasScannedForEncodings = 0;
			knownRegions = (
				en,
				Base,
			);
			mainGroup = C86D39942169E21E008301C2;
			productRefGroup = C86D399E2169E21E008301C2 /* Products */;
			projectDirPath = "";
			projectRoot = "";
			targets = (
				C86D399C2169E21E008301C2 /* jsondemo */,
			);
		};
/* End PBXProject section */

/* Begin PBXResourcesBuildPhase section */
		C86D399B2169E21E008301C2 /* Resources */ = {
			isa = PBXResourcesBuildPhase;
			buildActionMask = 2147483647;
			files = (
				C86D39AB2169E21E008301C2 /* LaunchScreen.storyboard in Resources */,
				C86D39A82169E21E008301C2 /* Assets.xcassets in Resources */,
				C86D39A62169E21E008301C2 /* Main.storyboard in Resources */,
			);
			runOnlyForDeploymentPostprocessing = 0;
		};
/* End PBXResourcesBuildPhase section */

/* Begin PBXSourcesBuildPhase section */
		C86D39992169E21E008301C2 /* Sources */ = {
			isa = PBXSourcesBuildPhase;
			buildActionMask = 2147483647;
			files = (
				C86D39A32169E21E008301C2 /* ViewController.swift in Sources */,
				C86D39A12169E21E008301C2 /* AppDelegate.swift in Sources */,
				C86D39B32169E278008301C2 /* GetData.swift in Sources */,
			);
			runOnlyForDeploymentPostprocessing = 0;
		};
/* End PBXSourcesBuildPhase section */

/* Begin PBXVariantGroup section */
		C86D39A42169E21E008301C2 /* Main.storyboard */ = {
			isa = PBXVariantGroup;
			children = (
				C86D39A52169E21E008301C2 /* Base */,
			);
			name = Main.storyboard;
			sourceTree = "<group>";
		};
		C86D39A92169E21E008301C2 /* LaunchScreen.storyboard */ = {
			isa = PBXVariantGroup;
			children = (
				C86D39AA2169E21E008301C2 /* Base */,
			);
			name = LaunchScreen.storyboard;
			sourceTree = "<group>";
		};
/* End PBXVariantGroup section */

/* Begin XCBuildConfiguration section */
		C86D39AD2169E21E008301C2 /* Debug */ = {
			isa = XCBuildConfiguration;
			buildSettings = {
				ALWAYS_SEARCH_USER_PATHS = NO;
				CLANG_ANALYZER_NONNULL = YES;
				CLANG_ANALYZER_NUMBER_OBJECT_CONVERSION = YES_AGGRESSIVE;
				CLANG_CXX_LANGUAGE_STANDARD = "gnu++14";
				CLANG_CXX_LIBRARY = "libc++";
				CLANG_ENABLE_MODULES = YES;
				CLANG_ENABLE_OBJC_ARC = YES;
				CLANG_WARN_BLOCK_CAPTURE_AUTORELEASING = YES;
				CLANG_WARN_BOOL_CONVERSION = YES;
				CLANG_WARN_COMMA = YES;
				CLANG_WARN_CONSTANT_CONVERSION = YES;
				CLANG_WARN_DIRECT_OBJC_ISA_USAGE = YES_ERROR;
				CLANG_WARN_DOCUMENTATION_COMMENTS = YES;
				CLANG_WARN_EMPTY_BODY = YES;
				CLANG_WARN_ENUM_CONVERSION = YES;
				CLANG_WARN_INFINITE_RECURSION = YES;
				CLANG_WARN_INT_CONVERSION = YES;
				CLANG_WARN_NON_LITERAL_NULL_CONVERSION = YES;
				CLANG_WARN_OBJC_LITERAL_CONVERSION = YES;
				CLANG_WARN_OBJC_ROOT_CLASS = YES_ERROR;
				CLANG_WARN_RANGE_LOOP_ANALYSIS = YES;
				CLANG_WARN_STRICT_PROTOTYPES = YES;
				CLANG_WARN_SUSPICIOUS_MOVE = YES;
				CLANG_WARN_UNGUARDED_AVAILABILITY = YES_AGGRESSIVE;
				CLANG_WARN_UNREACHABLE_CODE = YES;
				CLANG_WARN__DUPLICATE_METHOD_MATCH = YES;
				CODE_SIGN_IDENTITY = "iPhone Developer";
				COPY_PHASE_STRIP = NO;
				DEBUG_INFORMATION_FORMAT = dwarf;
				ENABLE_STRICT_OBJC_MSGSEND = YES;
				ENABLE_TESTABILITY = YES;
				GCC_C_LANGUAGE_STANDARD = gnu11;
				GCC_DYNAMIC_NO_PIC = NO;
				GCC_NO_COMMON_BLOCKS = YES;
				GCC_OPTIMIZATION_LEVEL = 0;
				GCC_PREPROCESSOR_DEFINITIONS = (
					"DEBUG=1",
					"$(inherited)",
				);
				GCC_WARN_64_TO_32_BIT_CONVERSION = YES;
				GCC_WARN_ABOUT_RETURN_TYPE = YES_ERROR;
				GCC_WARN_UNDECLARED_SELECTOR = YES;
				GCC_WARN_UNINITIALIZED_AUTOS = YES_AGGRESSIVE;
				GCC_WARN_UNUSED_FUNCTION = YES;
				GCC_WARN_UNUSED_VARIABLE = YES;
				IPHONEOS_DEPLOYMENT_TARGET = 11.1;
				MTL_ENABLE_DEBUG_INFO = YES;
				ONLY_ACTIVE_ARCH = YES;
				SDKROOT = iphoneos;
				SWIFT_ACTIVE_COMPILATION_CONDITIONS = DEBUG;
				SWIFT_OPTIMIZATION_LEVEL = "-Onone";
			};
			name = Debug;
		};
		C86D39AE2169E21E008301C2 /* Release */ = {
			isa = XCBuildConfiguration;
			buildSettings = {
				ALWAYS_SEARCH_USER_PATHS = NO;
				CLANG_ANALYZER_NONNULL = YES;
				CLANG_ANALYZER_NUMBER_OBJECT_CONVERSION = YES_AGGRESSIVE;
				CLANG_CXX_LANGUAGE_STANDARD = "gnu++14";
				CLANG_CXX_LIBRARY = "libc++";
				CLANG_ENABLE_MODULES = YES;
				CLANG_ENABLE_OBJC_ARC = YES;
				CLANG_WARN_BLOCK_CAPTURE_AUTORELEASING = YES;
				CLANG_WARN_BOOL_CONVERSION = YES;
				CLANG_WARN_COMMA = YES;
				CLANG_WARN_CONSTANT_CONVERSION = YES;
				CLANG_WARN_DIRECT_OBJC_ISA_USAGE = YES_ERROR;
				CLANG_WARN_DOCUMENTATION_COMMENTS = YES;
				CLANG_WARN_EMPTY_BODY = YES;
				CLANG_WARN_ENUM_CONVERSION = YES;
				CLANG_WARN_INFINITE_RECURSION = YES;
				CLANG_WARN_INT_CONVERSION = YES;
				CLANG_WARN_NON_LITERAL_NULL_CONVERSION = YES;
				CLANG_WARN_OBJC_LITERAL_CONVERSION = YES;
				CLANG_WARN_OBJC_ROOT_CLASS = YES_ERROR;
				CLANG_WARN_RANGE_LOOP_ANALYSIS = YES;
				CLANG_WARN_STRICT_PROTOTYPES = YES;
				CLANG_WARN_SUSPICIOUS_MOVE = YES;
				CLANG_WARN_UNGUARDED_AVAILABILITY = YES_AGGRESSIVE;
				CLANG_WARN_UNREACHABLE_CODE = YES;
				CLANG_WARN__DUPLICATE_METHOD_MATCH = YES;
				CODE_SIGN_IDENTITY = "iPhone Developer";
				COPY_PHASE_STRIP = NO;
				DEBUG_INFORMATION_FORMAT = "dwarf-with-dsym";
				ENABLE_NS_ASSERTIONS = NO;
				ENABLE_STRICT_OBJC_MSGSEND = YES;
				GCC_C_LANGUAGE_STANDARD = gnu11;
				GCC_NO_COMMON_BLOCKS = YES;
				GCC_WARN_64_TO_32_BIT_CONVERSION = YES;
				GCC_WARN_ABOUT_RETURN_TYPE = YES_ERROR;
				GCC_WARN_UNDECLARED_SELECTOR = YES;
				GCC_WARN_UNINITIALIZED_AUTOS = YES_AGGRESSIVE;
				GCC_WARN_UNUSED_FUNCTION = YES;
				GCC_WARN_UNUSED_VARIABLE = YES;
				IPHONEOS_DEPLOYMENT_TARGET = 11.1;
				MTL_ENABLE_DEBUG_INFO = NO;
				SDKROOT = iphoneos;
				SWIFT_OPTIMIZATION_LEVEL = "-Owholemodule";
				VALIDATE_PRODUCT = YES;
			};
			name = Release;
		};
		C86D39B02169E21F008301C2 /* Debug */ = {
			isa = XCBuildConfiguration;
			buildSettings = {
				ASSETCATALOG_COMPILER_APPICON_NAME = AppIcon;
				CODE_SIGN_STYLE = Automatic;
				INFOPLIST_FILE = jsondemo/Info.plist;
				LD_RUNPATH_SEARCH_PATHS = "$(inherited) @executable_path/Frameworks";
				PRODUCT_BUNDLE_IDENTIFIER = vaishnavee.jsondemo;
				PRODUCT_NAME = "$(TARGET_NAME)";
				SWIFT_VERSION = 4.0;
				TARGETED_DEVICE_FAMILY = "1,2";
			};
			name = Debug;
		};
		C86D39B12169E21F008301C2 /* Release */ = {
			isa = XCBuildConfiguration;
			buildSettings = {
				ASSETCATALOG_COMPILER_APPICON_NAME = AppIcon;
				CODE_SIGN_STYLE = Automatic;
				INFOPLIST_FILE = jsondemo/Info.plist;
				LD_RUNPATH_SEARCH_PATHS = "$(inherited) @executable_path/Frameworks";
				PRODUCT_BUNDLE_IDENTIFIER = vaishnavee.jsondemo;
				PRODUCT_NAME = "$(TARGET_NAME)";
				SWIFT_VERSION = 4.0;
				TARGETED_DEVICE_FAMILY = "1,2";
			};
			name = Release;
		};
/* End XCBuildConfiguration section */

/* Begin XCConfigurationList section */
		C86D39982169E21E008301C2 /* Build configuration list for PBXProject "jsondemo" */ = {
			isa = XCConfigurationList;
			buildConfigurations = (
				C86D39AD2169E21E008301C2 /* Debug */,
				C86D39AE2169E21E008301C2 /* Release */,
			);
			defaultConfigurationIsVisible = 0;
			defaultConfigurationName = Release;
		};
		C86D39AF2169E21F008301C2 /* Build configuration list for PBXNativeTarget "jsondemo" */ = {
			isa = XCConfigurationList;
			buildConfigurations = (
				C86D39B02169E21F008301C2 /* Debug */,
				C86D39B12169E21F008301C2 /* Release */,
			);
			defaultConfigurationIsVisible = 0;
			defaultConfigurationName = Release;
		};
/* End XCConfigurationList section */
	};
	rootObject = C86D39952169E21E008301C2 /* Project object */;
}
